
Microsoft Visual Studio Solution File, Format Version 12.00
# Visual Studio 14
VisualStudioVersion = 14.0.23107.0
MinimumVisualStudioVersion = 10.0.40219.1
Project("{FAE04EC0-301F-11D3-BF4B-00C04F79EFBC}") = "01. NestedLoopsWithRecursion", "01. NestedLoopsWithRecursion\01. NestedLoopsWithRecursion.csproj", "{FD4E2F2B-E205-47A1-AF37-C238A71A934C}"
EndProject
Project("{FAE04EC0-301F-11D3-BF4B-00C04F79EFBC}") = "02. CombinationsWithDuplicates", "02. CombinationsWithDuplicates\02. CombinationsWithDuplicates.csproj", "{73081BB9-86A3-4FC0-AE90-86813FA83EA8}"
EndProject
Project("{FAE04EC0-301F-11D3-BF4B-00C04F79EFBC}") = "03. CombinationsWithoutDuplicates", "03. CombinationsWithoutDuplicates\03. CombinationsWithoutDuplicates.csproj", "{601A983F-FCEC-4CB6-A0DC-B10E44BDE045}"
EndProject
Project("{FAE04EC0-301F-11D3-BF4B-00C04F79EFBC}") = "04. Permutations", "04. Permutations\04. Permutations.csproj", "{DC144B18-CD10-4A11-88E1-D45136E69988}"
EndProject
Project("{FAE04EC0-301F-11D3-BF4B-00C04F79EFBC}") = "05. Variations", "05. Variations\05. Variations.csproj", "{88583FDE-BFCE-4455-A44A-4901901F1E7F}"
EndProject
Project("{FAE04EC0-301F-11D3-BF4B-00C04F79EFBC}") = "06. StringCombinationsWithoutDuplicates", "06. StringCombinationsWithoutDuplicates\06. StringCombinationsWithoutDuplicates.csproj", "{C205B542-F0E8-4819-9AC1-4BBC83290D15}"
EndProject
Project("{FAE04EC0-301F-11D3-BF4B-00C04F79EFBC}") = "07. Pathfinder", "07. Pathfinder\07. Pathfinder.csproj", "{467ACE22-CE56-4BD6-9E36-9C2BC04EE384}"
EndProject
Project("{FAE04EC0-301F-11D3-BF4B-00C04F79EFBC}") = "08. Pathfinder2", "08. Pathfinder2\08. Pathfinder2.csproj", "{362D35B6-B95C-488B-8835-29415ACB01CC}"
EndProject
Project("{FAE04EC0-301F-11D3-BF4B-00C04F79EFBC}") = "09. EmptyCellFinder", "09. EmptyCellFinder\09. EmptyCellFinder.csproj", "{AAB6A541-D4FC-424B-BCBC-AB6CB2503470}"
EndProject
Project("{FAE04EC0-301F-11D3-BF4B-00C04F79EFBC}") = "10. EmptyAreasFinder", "10. EmptyAreasFinder\10. EmptyAreasFinder.csproj", "{6457A313-23A4-4F72-9702-92FF7C35C1BE}"
EndProject
Project("{FAE04EC0-301F-11D3-BF4B-00C04F79EFBC}") = "Common", "Common\Common.csproj", "{3214A25D-7063-4F7C-BB42-405A0A926033}"
EndProject
Project("{FAE04EC0-301F-11D3-BF4B-00C04F79EFBC}") = "11. PermutationsWithRepetitions", "11. PermutationsWithRepetitions\11. PermutationsWithRepetitions.csproj", "{9B94A2D0-129C-472C-96E1-EF18061B0451}"
EndProject
Project("{FAE04EC0-301F-11D3-BF4B-00C04F79EFBC}") = "12. 8QueensPuzzle", "12. 8QueensPuzzle\12. 8QueensPuzzle.csproj", "{BC8475CA-C2D9-4BED-8EBA-EB9CBD72D793}"
EndProject
Global
	GlobalSection(SolutionConfigurationPlatforms) = preSolution
		Debug|Any CPU = Debug|Any CPU
		Release|Any CPU = Release|Any CPU
	EndGlobalSection
	GlobalSection(ProjectConfigurationPlatforms) = postSolution
		{FD4E2F2B-E205-47A1-AF37-C238A71A934C}.Debug|Any CPU.ActiveCfg = Debug|Any CPU
		{FD4E2F2B-E205-47A1-AF37-C238A71A934C}.Debug|Any CPU.Build.0 = Debug|Any CPU
		{FD4E2F2B-E205-47A1-AF37-C238A71A934C}.Release|Any CPU.ActiveCfg = Release|Any CPU
		{FD4E2F2B-E205-47A1-AF37-C238A71A934C}.Release|Any CPU.Build.0 = Release|Any CPU
		{73081BB9-86A3-4FC0-AE90-86813FA83EA8}.Debug|Any CPU.ActiveCfg = Debug|Any CPU
		{73081BB9-86A3-4FC0-AE90-86813FA83EA8}.Debug|Any CPU.Build.0 = Debug|Any CPU
		{73081BB9-86A3-4FC0-AE90-86813FA83EA8}.Release|Any CPU.ActiveCfg = Release|Any CPU
		{73081BB9-86A3-4FC0-AE90-86813FA83EA8}.Release|Any CPU.Build.0 = Release|Any CPU
		{601A983F-FCEC-4CB6-A0DC-B10E44BDE045}.Debug|Any CPU.ActiveCfg = Debug|Any CPU
		{601A983F-FCEC-4CB6-A0DC-B10E44BDE045}.Debug|Any CPU.Build.0 = Debug|Any CPU
		{601A983F-FCEC-4CB6-A0DC-B10E44BDE045}.Release|Any CPU.ActiveCfg = Release|Any CPU
		{601A983F-FCEC-4CB6-A0DC-B10E44BDE045}.Release|Any CPU.Build.0 = Release|Any CPU
		{DC144B18-CD10-4A11-88E1-D45136E69988}.Debug|Any CPU.ActiveCfg = Debug|Any CPU
		{DC144B18-CD10-4A11-88E1-D45136E69988}.Debug|Any CPU.Build.0 = Debug|Any CPU
		{DC144B18-CD10-4A11-88E1-D45136E69988}.Release|Any CPU.ActiveCfg = Release|Any CPU
		{DC144B18-CD10-4A11-88E1-D45136E69988}.Release|Any CPU.Build.0 = Release|Any CPU
		{88583FDE-BFCE-4455-A44A-4901901F1E7F}.Debug|Any CPU.ActiveCfg = Debug|Any CPU
		{88583FDE-BFCE-4455-A44A-4901901F1E7F}.Debug|Any CPU.Build.0 = Debug|Any CPU
		{88583FDE-BFCE-4455-A44A-4901901F1E7F}.Release|Any CPU.ActiveCfg = Release|Any CPU
		{88583FDE-BFCE-4455-A44A-4901901F1E7F}.Release|Any CPU.Build.0 = Release|Any CPU
		{C205B542-F0E8-4819-9AC1-4BBC83290D15}.Debug|Any CPU.ActiveCfg = Debug|Any CPU
		{C205B542-F0E8-4819-9AC1-4BBC83290D15}.Debug|Any CPU.Build.0 = Debug|Any CPU
		{C205B542-F0E8-4819-9AC1-4BBC83290D15}.Release|Any CPU.ActiveCfg = Release|Any CPU
		{C205B542-F0E8-4819-9AC1-4BBC83290D15}.Release|Any CPU.Build.0 = Release|Any CPU
		{467ACE22-CE56-4BD6-9E36-9C2BC04EE384}.Debug|Any CPU.ActiveCfg = Debug|Any CPU
		{467ACE22-CE56-4BD6-9E36-9C2BC04EE384}.Debug|Any CPU.Build.0 = Debug|Any CPU
		{467ACE22-CE56-4BD6-9E36-9C2BC04EE384}.Release|Any CPU.ActiveCfg = Release|Any CPU
		{467ACE22-CE56-4BD6-9E36-9C2BC04EE384}.Release|Any CPU.Build.0 = Release|Any CPU
		{362D35B6-B95C-488B-8835-29415ACB01CC}.Debug|Any CPU.ActiveCfg = Debug|Any CPU
		{362D35B6-B95C-488B-8835-29415ACB01CC}.Debug|Any CPU.Build.0 = Debug|Any CPU
		{362D35B6-B95C-488B-8835-29415ACB01CC}.Release|Any CPU.ActiveCfg = Release|Any CPU
		{362D35B6-B95C-488B-8835-29415ACB01CC}.Release|Any CPU.Build.0 = Release|Any CPU
		{AAB6A541-D4FC-424B-BCBC-AB6CB2503470}.Debug|Any CPU.ActiveCfg = Debug|Any CPU
		{AAB6A541-D4FC-424B-BCBC-AB6CB2503470}.Debug|Any CPU.Build.0 = Debug|Any CPU
		{AAB6A541-D4FC-424B-BCBC-AB6CB2503470}.Release|Any CPU.ActiveCfg = Release|Any CPU
		{AAB6A541-D4FC-424B-BCBC-AB6CB2503470}.Release|Any CPU.Build.0 = Release|Any CPU
		{6457A313-23A4-4F72-9702-92FF7C35C1BE}.Debug|Any CPU.ActiveCfg = Debug|Any CPU
		{6457A313-23A4-4F72-9702-92FF7C35C1BE}.Debug|Any CPU.Build.0 = Debug|Any CPU
		{6457A313-23A4-4F72-9702-92FF7C35C1BE}.Release|Any CPU.ActiveCfg = Release|Any CPU
		{6457A313-23A4-4F72-9702-92FF7C35C1BE}.Release|Any CPU.Build.0 = Release|Any CPU
		{3214A25D-7063-4F7C-BB42-405A0A926033}.Debug|Any CPU.ActiveCfg = Debug|Any CPU
		{3214A25D-7063-4F7C-BB42-405A0A926033}.Debug|Any CPU.Build.0 = Debug|Any CPU
		{3214A25D-7063-4F7C-BB42-405A0A926033}.Release|Any CPU.ActiveCfg = Release|Any CPU
		{3214A25D-7063-4F7C-BB42-405A0A926033}.Release|Any CPU.Build.0 = Release|Any CPU
		{9B94A2D0-129C-472C-96E1-EF18061B0451}.Debug|Any CPU.ActiveCfg = Debug|Any CPU
		{9B94A2D0-129C-472C-96E1-EF18061B0451}.Debug|Any CPU.Build.0 = Debug|Any CPU
		{9B94A2D0-129C-472C-96E1-EF18061B0451}.Release|Any CPU.ActiveCfg = Release|Any CPU
		{9B94A2D0-129C-472C-96E1-EF18061B0451}.Release|Any CPU.Build.0 = Release|Any CPU
		{BC8475CA-C2D9-4BED-8EBA-EB9CBD72D793}.Debug|Any CPU.ActiveCfg = Debug|Any CPU
		{BC8475CA-C2D9-4BED-8EBA-EB9CBD72D793}.Debug|Any CPU.Build.0 = Debug|Any CPU
		{BC8475CA-C2D9-4BED-8EBA-EB9CBD72D793}.Release|Any CPU.ActiveCfg = Release|Any CPU
		{BC8475CA-C2D9-4BED-8EBA-EB9CBD72D793}.Release|Any CPU.Build.0 = Release|Any CPU
	EndGlobalSection
	GlobalSection(SolutionProperties) = preSolution
		HideSolutionNode = FALSE
	EndGlobalSection
EndGlobal
