
Microsoft Visual Studio Solution File, Format Version 12.00
# Visual Studio 14
VisualStudioVersion = 14.0.23107.0
MinimumVisualStudioVersion = 10.0.40219.1
Project("{FAE04EC0-301F-11D3-BF4B-00C04F79EFBC}") = "01. StudentsAndCourses", "01. StudentsAndCourses\01. StudentsAndCourses.csproj", "{A82B6FCA-FB90-4DE7-9A59-2F988E63C297}"
EndProject
Project("{FAE04EC0-301F-11D3-BF4B-00C04F79EFBC}") = "02. TradeCompany", "02. TradeCompany\02. TradeCompany.csproj", "{2A172204-B940-4AC1-B455-DDC4140179FC}"
EndProject
Project("{FAE04EC0-301F-11D3-BF4B-00C04F79EFBC}") = "03. BiDictionary", "03. BiDictionary\03. BiDictionary.csproj", "{0FB0A106-0EFF-4B32-9369-7C3088B22BB1}"
EndProject
Global
	GlobalSection(SolutionConfigurationPlatforms) = preSolution
		Debug|Any CPU = Debug|Any CPU
		Release|Any CPU = Release|Any CPU
	EndGlobalSection
	GlobalSection(ProjectConfigurationPlatforms) = postSolution
		{A82B6FCA-FB90-4DE7-9A59-2F988E63C297}.Debug|Any CPU.ActiveCfg = Debug|Any CPU
		{A82B6FCA-FB90-4DE7-9A59-2F988E63C297}.Debug|Any CPU.Build.0 = Debug|Any CPU
		{A82B6FCA-FB90-4DE7-9A59-2F988E63C297}.Release|Any CPU.ActiveCfg = Release|Any CPU
		{A82B6FCA-FB90-4DE7-9A59-2F988E63C297}.Release|Any CPU.Build.0 = Release|Any CPU
		{2A172204-B940-4AC1-B455-DDC4140179FC}.Debug|Any CPU.ActiveCfg = Debug|Any CPU
		{2A172204-B940-4AC1-B455-DDC4140179FC}.Debug|Any CPU.Build.0 = Debug|Any CPU
		{2A172204-B940-4AC1-B455-DDC4140179FC}.Release|Any CPU.ActiveCfg = Release|Any CPU
		{2A172204-B940-4AC1-B455-DDC4140179FC}.Release|Any CPU.Build.0 = Release|Any CPU
		{0FB0A106-0EFF-4B32-9369-7C3088B22BB1}.Debug|Any CPU.ActiveCfg = Debug|Any CPU
		{0FB0A106-0EFF-4B32-9369-7C3088B22BB1}.Debug|Any CPU.Build.0 = Debug|Any CPU
		{0FB0A106-0EFF-4B32-9369-7C3088B22BB1}.Release|Any CPU.ActiveCfg = Release|Any CPU
		{0FB0A106-0EFF-4B32-9369-7C3088B22BB1}.Release|Any CPU.Build.0 = Release|Any CPU
	EndGlobalSection
	GlobalSection(SolutionProperties) = preSolution
		HideSolutionNode = FALSE
	EndGlobalSection
EndGlobal
