
Microsoft Visual Studio Solution File, Format Version 12.00
# Visual Studio 14
VisualStudioVersion = 14.0.23107.0
MinimumVisualStudioVersion = 10.0.40219.1
Project("{FAE04EC0-301F-11D3-BF4B-00C04F79EFBC}") = "01. NestedLoopsWithRecursion", "01. NestedLoopsWithRecursion\01. NestedLoopsWithRecursion.csproj", "{FD4E2F2B-E205-47A1-AF37-C238A71A934C}"
EndProject
Project("{FAE04EC0-301F-11D3-BF4B-00C04F79EFBC}") = "02. CombinationsWithDuplicates", "02. CombinationsWithDuplicates\02. CombinationsWithDuplicates.csproj", "{73081BB9-86A3-4FC0-AE90-86813FA83EA8}"
EndProject
Project("{FAE04EC0-301F-11D3-BF4B-00C04F79EFBC}") = "03. CombinationsWithoutDuplicates", "03. CombinationsWithoutDuplicates\03. CombinationsWithoutDuplicates.csproj", "{601A983F-FCEC-4CB6-A0DC-B10E44BDE045}"
EndProject
Project("{FAE04EC0-301F-11D3-BF4B-00C04F79EFBC}") = "04. Permutations", "04. Permutations\04. Permutations.csproj", "{DC144B18-CD10-4A11-88E1-D45136E69988}"
EndProject
Project("{FAE04EC0-301F-11D3-BF4B-00C04F79EFBC}") = "05. Variations", "05. Variations\05. Variations.csproj", "{88583FDE-BFCE-4455-A44A-4901901F1E7F}"
EndProject
Project("{FAE04EC0-301F-11D3-BF4B-00C04F79EFBC}") = "06. StringCombinationsWithoutDuplicates", "06. StringCombinationsWithoutDuplicates\06. StringCombinationsWithoutDuplicates.csproj", "{C205B542-F0E8-4819-9AC1-4BBC83290D15}"
EndProject
Global
	GlobalSection(SolutionConfigurationPlatforms) = preSolution
		Debug|Any CPU = Debug|Any CPU
		Release|Any CPU = Release|Any CPU
	EndGlobalSection
	GlobalSection(ProjectConfigurationPlatforms) = postSolution
		{FD4E2F2B-E205-47A1-AF37-C238A71A934C}.Debug|Any CPU.ActiveCfg = Debug|Any CPU
		{FD4E2F2B-E205-47A1-AF37-C238A71A934C}.Debug|Any CPU.Build.0 = Debug|Any CPU
		{FD4E2F2B-E205-47A1-AF37-C238A71A934C}.Release|Any CPU.ActiveCfg = Release|Any CPU
		{FD4E2F2B-E205-47A1-AF37-C238A71A934C}.Release|Any CPU.Build.0 = Release|Any CPU
		{73081BB9-86A3-4FC0-AE90-86813FA83EA8}.Debug|Any CPU.ActiveCfg = Debug|Any CPU
		{73081BB9-86A3-4FC0-AE90-86813FA83EA8}.Debug|Any CPU.Build.0 = Debug|Any CPU
		{73081BB9-86A3-4FC0-AE90-86813FA83EA8}.Release|Any CPU.ActiveCfg = Release|Any CPU
		{73081BB9-86A3-4FC0-AE90-86813FA83EA8}.Release|Any CPU.Build.0 = Release|Any CPU
		{601A983F-FCEC-4CB6-A0DC-B10E44BDE045}.Debug|Any CPU.ActiveCfg = Debug|Any CPU
		{601A983F-FCEC-4CB6-A0DC-B10E44BDE045}.Debug|Any CPU.Build.0 = Debug|Any CPU
		{601A983F-FCEC-4CB6-A0DC-B10E44BDE045}.Release|Any CPU.ActiveCfg = Release|Any CPU
		{601A983F-FCEC-4CB6-A0DC-B10E44BDE045}.Release|Any CPU.Build.0 = Release|Any CPU
		{DC144B18-CD10-4A11-88E1-D45136E69988}.Debug|Any CPU.ActiveCfg = Debug|Any CPU
		{DC144B18-CD10-4A11-88E1-D45136E69988}.Debug|Any CPU.Build.0 = Debug|Any CPU
		{DC144B18-CD10-4A11-88E1-D45136E69988}.Release|Any CPU.ActiveCfg = Release|Any CPU
		{DC144B18-CD10-4A11-88E1-D45136E69988}.Release|Any CPU.Build.0 = Release|Any CPU
		{88583FDE-BFCE-4455-A44A-4901901F1E7F}.Debug|Any CPU.ActiveCfg = Debug|Any CPU
		{88583FDE-BFCE-4455-A44A-4901901F1E7F}.Debug|Any CPU.Build.0 = Debug|Any CPU
		{88583FDE-BFCE-4455-A44A-4901901F1E7F}.Release|Any CPU.ActiveCfg = Release|Any CPU
		{88583FDE-BFCE-4455-A44A-4901901F1E7F}.Release|Any CPU.Build.0 = Release|Any CPU
		{C205B542-F0E8-4819-9AC1-4BBC83290D15}.Debug|Any CPU.ActiveCfg = Debug|Any CPU
		{C205B542-F0E8-4819-9AC1-4BBC83290D15}.Debug|Any CPU.Build.0 = Debug|Any CPU
		{C205B542-F0E8-4819-9AC1-4BBC83290D15}.Release|Any CPU.ActiveCfg = Release|Any CPU
		{C205B542-F0E8-4819-9AC1-4BBC83290D15}.Release|Any CPU.Build.0 = Release|Any CPU
	EndGlobalSection
	GlobalSection(SolutionProperties) = preSolution
		HideSolutionNode = FALSE
	EndGlobalSection
EndGlobal
