
Microsoft Visual Studio Solution File, Format Version 12.00
# Visual Studio 14
VisualStudioVersion = 14.0.23107.0
MinimumVisualStudioVersion = 10.0.40219.1
Project("{FAE04EC0-301F-11D3-BF4B-00C04F79EFBC}") = "01. PriorityQueue", "01. PriorityQueue\01. PriorityQueue.csproj", "{31FF14E9-E123-4238-87EB-CFEF9F9F46F2}"
EndProject
Project("{FAE04EC0-301F-11D3-BF4B-00C04F79EFBC}") = "02. ProductsSearcher", "02. ProductsSearcher\02. ProductsSearcher.csproj", "{725C6EEB-89B3-41FA-BACF-78F9E7C43282}"
EndProject
Project("{FAE04EC0-301F-11D3-BF4B-00C04F79EFBC}") = "03. WordsFinder", "03. WordsFinder\03. WordsFinder.csproj", "{E370A1A9-4F8B-459B-A44B-700F1F842275}"
EndProject
Global
	GlobalSection(SolutionConfigurationPlatforms) = preSolution
		Debug|Any CPU = Debug|Any CPU
		Release|Any CPU = Release|Any CPU
	EndGlobalSection
	GlobalSection(ProjectConfigurationPlatforms) = postSolution
		{31FF14E9-E123-4238-87EB-CFEF9F9F46F2}.Debug|Any CPU.ActiveCfg = Debug|Any CPU
		{31FF14E9-E123-4238-87EB-CFEF9F9F46F2}.Debug|Any CPU.Build.0 = Debug|Any CPU
		{31FF14E9-E123-4238-87EB-CFEF9F9F46F2}.Release|Any CPU.ActiveCfg = Release|Any CPU
		{31FF14E9-E123-4238-87EB-CFEF9F9F46F2}.Release|Any CPU.Build.0 = Release|Any CPU
		{725C6EEB-89B3-41FA-BACF-78F9E7C43282}.Debug|Any CPU.ActiveCfg = Debug|Any CPU
		{725C6EEB-89B3-41FA-BACF-78F9E7C43282}.Debug|Any CPU.Build.0 = Debug|Any CPU
		{725C6EEB-89B3-41FA-BACF-78F9E7C43282}.Release|Any CPU.ActiveCfg = Release|Any CPU
		{725C6EEB-89B3-41FA-BACF-78F9E7C43282}.Release|Any CPU.Build.0 = Release|Any CPU
		{E370A1A9-4F8B-459B-A44B-700F1F842275}.Debug|Any CPU.ActiveCfg = Debug|Any CPU
		{E370A1A9-4F8B-459B-A44B-700F1F842275}.Debug|Any CPU.Build.0 = Debug|Any CPU
		{E370A1A9-4F8B-459B-A44B-700F1F842275}.Release|Any CPU.ActiveCfg = Release|Any CPU
		{E370A1A9-4F8B-459B-A44B-700F1F842275}.Release|Any CPU.Build.0 = Release|Any CPU
	EndGlobalSection
	GlobalSection(SolutionProperties) = preSolution
		HideSolutionNode = FALSE
	EndGlobalSection
EndGlobal
